
Microsoft Visual Studio Solution File, Format Version 12.00
# Visual Studio Version 17
VisualStudioVersion = 17.8.34316.72
MinimumVisualStudioVersion = 10.0.40219.1
Project("{9A19103F-16F7-4668-BE54-9A1E7A4F7556}") = "WPFWebApi.WPF", "WPFWebApi.WPF\WPFWebApi.WPF.csproj", "{5F3448C0-4CC9-45F6-B488-C84A09C8E1D1}"
EndProject
Project("{9A19103F-16F7-4668-BE54-9A1E7A4F7556}") = "WPFWebApi.MVVM", "WPFWebApi.MVVM\WPFWebApi.MVVM.csproj", "{8494A77A-2C62-4992-AE09-4916FBCEFC01}"
EndProject
Project("{9A19103F-16F7-4668-BE54-9A1E7A4F7556}") = "WPFWebApi.Data", "WPFWebApi.Data\WPFWebApi.Data.csproj", "{19481CB0-1854-481B-9529-89FAEA0D3C88}"
EndProject
Project("{FAE04EC0-301F-11D3-BF4B-00C04F79EFBC}") = "WPFWebApi.Web", "WPFWebApi.Web\WPFWebApi.Web.csproj", "{AEABD4F8-4157-4D7E-B350-83CF955BAD7E}"
EndProject
Global
	GlobalSection(SolutionConfigurationPlatforms) = preSolution
		Debug|Any CPU = Debug|Any CPU
		Release|Any CPU = Release|Any CPU
	EndGlobalSection
	GlobalSection(ProjectConfigurationPlatforms) = postSolution
		{5F3448C0-4CC9-45F6-B488-C84A09C8E1D1}.Debug|Any CPU.ActiveCfg = Debug|Any CPU
		{5F3448C0-4CC9-45F6-B488-C84A09C8E1D1}.Debug|Any CPU.Build.0 = Debug|Any CPU
		{5F3448C0-4CC9-45F6-B488-C84A09C8E1D1}.Release|Any CPU.ActiveCfg = Release|Any CPU
		{5F3448C0-4CC9-45F6-B488-C84A09C8E1D1}.Release|Any CPU.Build.0 = Release|Any CPU
		{8494A77A-2C62-4992-AE09-4916FBCEFC01}.Debug|Any CPU.ActiveCfg = Debug|Any CPU
		{8494A77A-2C62-4992-AE09-4916FBCEFC01}.Debug|Any CPU.Build.0 = Debug|Any CPU
		{8494A77A-2C62-4992-AE09-4916FBCEFC01}.Release|Any CPU.ActiveCfg = Release|Any CPU
		{8494A77A-2C62-4992-AE09-4916FBCEFC01}.Release|Any CPU.Build.0 = Release|Any CPU
		{19481CB0-1854-481B-9529-89FAEA0D3C88}.Debug|Any CPU.ActiveCfg = Debug|Any CPU
		{19481CB0-1854-481B-9529-89FAEA0D3C88}.Debug|Any CPU.Build.0 = Debug|Any CPU
		{19481CB0-1854-481B-9529-89FAEA0D3C88}.Release|Any CPU.ActiveCfg = Release|Any CPU
		{19481CB0-1854-481B-9529-89FAEA0D3C88}.Release|Any CPU.Build.0 = Release|Any CPU
		{AEABD4F8-4157-4D7E-B350-83CF955BAD7E}.Debug|Any CPU.ActiveCfg = Debug|Any CPU
		{AEABD4F8-4157-4D7E-B350-83CF955BAD7E}.Debug|Any CPU.Build.0 = Debug|Any CPU
		{AEABD4F8-4157-4D7E-B350-83CF955BAD7E}.Release|Any CPU.ActiveCfg = Release|Any CPU
		{AEABD4F8-4157-4D7E-B350-83CF955BAD7E}.Release|Any CPU.Build.0 = Release|Any CPU
	EndGlobalSection
	GlobalSection(SolutionProperties) = preSolution
		HideSolutionNode = FALSE
	EndGlobalSection
	GlobalSection(ExtensibilityGlobals) = postSolution
		SolutionGuid = {F3980DBE-993C-4136-B696-163A92A96A9E}
	EndGlobalSection
EndGlobal
